// !$*UTF8*$!
{
	archiveVersion = 1;
	classes = {
	};
	objectVersion = 46;
	objects = {

/* Begin PBXBuildFile section */
		5207916C1C7492B80052584F /* AppDelegate.swift in Sources */ = {isa = PBXBuildFile; fileRef = 5207916B1C7492B80052584F /* AppDelegate.swift */; };
		5207916E1C7492B80052584F /* ViewController.swift in Sources */ = {isa = PBXBuildFile; fileRef = 5207916D1C7492B80052584F /* ViewController.swift */; };
		520791711C7492B80052584F /* Main.storyboard in Resources */ = {isa = PBXBuildFile; fileRef = 5207916F1C7492B80052584F /* Main.storyboard */; };
		520791731C7492B90052584F /* Assets.xcassets in Resources */ = {isa = PBXBuildFile; fileRef = 520791721C7492B90052584F /* Assets.xcassets */; };
		520791761C7492B90052584F /* LaunchScreen.storyboard in Resources */ = {isa = PBXBuildFile; fileRef = 520791741C7492B90052584F /* LaunchScreen.storyboard */; };
		520791811C7492B90052584F /* supercoolTests.swift in Sources */ = {isa = PBXBuildFile; fileRef = 520791801C7492B90052584F /* supercoolTests.swift */; };
		5207918C1C7492B90052584F /* supercoolUITests.swift in Sources */ = {isa = PBXBuildFile; fileRef = 5207918B1C7492B90052584F /* supercoolUITests.swift */; };
/* End PBXBuildFile section */

/* Begin PBXContainerItemProxy section */
		5207917D1C7492B90052584F /* PBXContainerItemProxy */ = {
			isa = PBXContainerItemProxy;
			containerPortal = 520791601C7492B80052584F /* Project object */;
			proxyType = 1;
			remoteGlobalIDString = 520791671C7492B80052584F;
			remoteInfo = supercool;
		};
		520791881C7492B90052584F /* PBXContainerItemProxy */ = {
			isa = PBXContainerItemProxy;
			containerPortal = 520791601C7492B80052584F /* Project object */;
			proxyType = 1;
			remoteGlobalIDString = 520791671C7492B80052584F;
			remoteInfo = supercool;
		};
/* End PBXContainerItemProxy section */

/* Begin PBXFileReference section */
		520791681C7492B80052584F /* supercool.app */ = {isa = PBXFileReference; explicitFileType = wrapper.application; includeInIndex = 0; path = supercool.app; sourceTree = BUILT_PRODUCTS_DIR; };
		5207916B1C7492B80052584F /* AppDelegate.swift */ = {isa = PBXFileReference; lastKnownFileType = sourcecode.swift; path = AppDelegate.swift; sourceTree = "<group>"; };
		5207916D1C7492B80052584F /* ViewController.swift */ = {isa = PBXFileReference; lastKnownFileType = sourcecode.swift; path = ViewController.swift; sourceTree = "<group>"; };
		520791701C7492B80052584F /* Base */ = {isa = PBXFileReference; lastKnownFileType = file.storyboard; name = Base; path = Base.lproj/Main.storyboard; sourceTree = "<group>"; };
		520791721C7492B90052584F /* Assets.xcassets */ = {isa = PBXFileReference; lastKnownFileType = folder.assetcatalog; path = Assets.xcassets; sourceTree = "<group>"; };
		520791751C7492B90052584F /* Base */ = {isa = PBXFileReference; lastKnownFileType = file.storyboard; name = Base; path = Base.lproj/LaunchScreen.storyboard; sourceTree = "<group>"; };
		520791771C7492B90052584F /* Info.plist */ = {isa = PBXFileReference; lastKnownFileType = text.plist.xml; path = Info.plist; sourceTree = "<group>"; };
		5207917C1C7492B90052584F /* supercoolTests.xctest */ = {isa = PBXFileReference; explicitFileType = wrapper.cfbundle; includeInIndex = 0; path = supercoolTests.xctest; sourceTree = BUILT_PRODUCTS_DIR; };
		520791801C7492B90052584F /* supercoolTests.swift */ = {isa = PBXFileReference; lastKnownFileType = sourcecode.swift; path = supercoolTests.swift; sourceTree = "<group>"; };
		520791821C7492B90052584F /* Info.plist */ = {isa = PBXFileReference; lastKnownFileType = text.plist.xml; path = Info.plist; sourceTree = "<group>"; };
		520791871C7492B90052584F /* supercoolUITests.xctest */ = {isa = PBXFileReference; explicitFileType = wrapper.cfbundle; includeInIndex = 0; path = supercoolUITests.xctest; sourceTree = BUILT_PRODUCTS_DIR; };
		5207918B1C7492B90052584F /* supercoolUITests.swift */ = {isa = PBXFileReference; lastKnownFileType = sourcecode.swift; path = supercoolUITests.swift; sourceTree = "<group>"; };
		5207918D1C7492B90052584F /* Info.plist */ = {isa = PBXFileReference; lastKnownFileType = text.plist.xml; path = Info.plist; sourceTree = "<group>"; };
/* End PBXFileReference section */

/* Begin PBXFrameworksBuildPhase section */
		520791651C7492B80052584F /* Frameworks */ = {
			isa = PBXFrameworksBuildPhase;
			buildActionMask = 2147483647;
			files = (
			);
			runOnlyForDeploymentPostprocessing = 0;
		};
		520791791C7492B90052584F /* Frameworks */ = {
			isa = PBXFrameworksBuildPhase;
			buildActionMask = 2147483647;
			files = (
			);
			runOnlyForDeploymentPostprocessing = 0;
		};
		520791841C7492B90052584F /* Frameworks */ = {
			isa = PBXFrameworksBuildPhase;
			buildActionMask = 2147483647;
			files = (
			);
			runOnlyForDeploymentPostprocessing = 0;
		};
/* End PBXFrameworksBuildPhase section */

/* Begin PBXGroup section */
		5207915F1C7492B80052584F = {
			isa = PBXGroup;
			children = (
				5207916A1C7492B80052584F /* supercool */,
				5207917F1C7492B90052584F /* supercoolTests */,
				5207918A1C7492B90052584F /* supercoolUITests */,
				520791691C7492B80052584F /* Products */,
			);
			sourceTree = "<group>";
		};
		520791691C7492B80052584F /* Products */ = {
			isa = PBXGroup;
			children = (
				520791681C7492B80052584F /* supercool.app */,
				5207917C1C7492B90052584F /* supercoolTests.xctest */,
				520791871C7492B90052584F /* supercoolUITests.xctest */,
			);
			name = Products;
			sourceTree = "<group>";
		};
		5207916A1C7492B80052584F /* supercool */ = {
			isa = PBXGroup;
			children = (
				5207916B1C7492B80052584F /* AppDelegate.swift */,
				5207916D1C7492B80052584F /* ViewController.swift */,
				5207916F1C7492B80052584F /* Main.storyboard */,
				520791721C7492B90052584F /* Assets.xcassets */,
				520791741C7492B90052584F /* LaunchScreen.storyboard */,
				520791771C7492B90052584F /* Info.plist */,
			);
			path = supercool;
			sourceTree = "<group>";
		};
		5207917F1C7492B90052584F /* supercoolTests */ = {
			isa = PBXGroup;
			children = (
				520791801C7492B90052584F /* supercoolTests.swift */,
				520791821C7492B90052584F /* Info.plist */,
			);
			path = supercoolTests;
			sourceTree = "<group>";
		};
		5207918A1C7492B90052584F /* supercoolUITests */ = {
			isa = PBXGroup;
			children = (
				5207918B1C7492B90052584F /* supercoolUITests.swift */,
				5207918D1C7492B90052584F /* Info.plist */,
			);
			path = supercoolUITests;
			sourceTree = "<group>";
		};
/* End PBXGroup section */

/* Begin PBXNativeTarget section */
		520791671C7492B80052584F /* supercool */ = {
			isa = PBXNativeTarget;
			buildConfigurationList = 520791901C7492B90052584F /* Build configuration list for PBXNativeTarget "supercool" */;
			buildPhases = (
				520791641C7492B80052584F /* Sources */,
				520791651C7492B80052584F /* Frameworks */,
				520791661C7492B80052584F /* Resources */,
			);
			buildRules = (
			);
			dependencies = (
			);
			name = supercool;
			productName = supercool;
			productReference = 520791681C7492B80052584F /* supercool.app */;
			productType = "com.apple.product-type.application";
		};
		5207917B1C7492B90052584F /* supercoolTests */ = {
			isa = PBXNativeTarget;
			buildConfigurationList = 520791931C7492B90052584F /* Build configuration list for PBXNativeTarget "supercoolTests" */;
			buildPhases = (
				520791781C7492B90052584F /* Sources */,
				520791791C7492B90052584F /* Frameworks */,
				5207917A1C7492B90052584F /* Resources */,
			);
			buildRules = (
			);
			dependencies = (
				5207917E1C7492B90052584F /* PBXTargetDependency */,
			);
			name = supercoolTests;
			productName = supercoolTests;
			productReference = 5207917C1C7492B90052584F /* supercoolTests.xctest */;
			productType = "com.apple.product-type.bundle.unit-test";
		};
		520791861C7492B90052584F /* supercoolUITests */ = {
			isa = PBXNativeTarget;
			buildConfigurationList = 520791961C7492B90052584F /* Build configuration list for PBXNativeTarget "supercoolUITests" */;
			buildPhases = (
				520791831C7492B90052584F /* Sources */,
				520791841C7492B90052584F /* Frameworks */,
				520791851C7492B90052584F /* Resources */,
			);
			buildRules = (
			);
			dependencies = (
				520791891C7492B90052584F /* PBXTargetDependency */,
			);
			name = supercoolUITests;
			productName = supercoolUITests;
			productReference = 520791871C7492B90052584F /* supercoolUITests.xctest */;
			productType = "com.apple.product-type.bundle.ui-testing";
		};
/* End PBXNativeTarget section */

/* Begin PBXProject section */
		520791601C7492B80052584F /* Project object */ = {
			isa = PBXProject;
			attributes = {
				LastSwiftUpdateCheck = 0720;
				LastUpgradeCheck = 0720;
				ORGANIZATIONNAME = "MacBook Pro";
				TargetAttributes = {
					520791671C7492B80052584F = {
						CreatedOnToolsVersion = 7.2.1;
						DevelopmentTeam = WZ7327NXB2;
					};
					5207917B1C7492B90052584F = {
						CreatedOnToolsVersion = 7.2.1;
						TestTargetID = 520791671C7492B80052584F;
					};
					520791861C7492B90052584F = {
						CreatedOnToolsVersion = 7.2.1;
						TestTargetID = 520791671C7492B80052584F;
					};
				};
			};
			buildConfigurationList = 520791631C7492B80052584F /* Build configuration list for PBXProject "supercool" */;
			compatibilityVersion = "Xcode 3.2";
			developmentRegion = English;
			hasScannedForEncodings = 0;
			knownRegions = (
				en,
				Base,
			);
			mainGroup = 5207915F1C7492B80052584F;
			productRefGroup = 520791691C7492B80052584F /* Products */;
			projectDirPath = "";
			projectRoot = "";
			targets = (
				520791671C7492B80052584F /* supercool */,
				5207917B1C7492B90052584F /* supercoolTests */,
				520791861C7492B90052584F /* supercoolUITests */,
			);
		};
/* End PBXProject section */

/* Begin PBXResourcesBuildPhase section */
		520791661C7492B80052584F /* Resources */ = {
			isa = PBXResourcesBuildPhase;
			buildActionMask = 2147483647;
			files = (
				520791761C7492B90052584F /* LaunchScreen.storyboard in Resources */,
				520791731C7492B90052584F /* Assets.xcassets in Resources */,
				520791711C7492B80052584F /* Main.storyboard in Resources */,
			);
			runOnlyForDeploymentPostprocessing = 0;
		};
		5207917A1C7492B90052584F /* Resources */ = {
			isa = PBXResourcesBuildPhase;
			buildActionMask = 2147483647;
			files = (
			);
			runOnlyForDeploymentPostprocessing = 0;
		};
		520791851C7492B90052584F /* Resources */ = {
			isa = PBXResourcesBuildPhase;
			buildActionMask = 2147483647;
			files = (
			);
			runOnlyForDeploymentPostprocessing = 0;
		};
/* End PBXResourcesBuildPhase section */

/* Begin PBXSourcesBuildPhase section */
		520791641C7492B80052584F /* Sources */ = {
			isa = PBXSourcesBuildPhase;
			buildActionMask = 2147483647;
			files = (
				5207916E1C7492B80052584F /* ViewController.swift in Sources */,
				5207916C1C7492B80052584F /* AppDelegate.swift in Sources */,
			);
			runOnlyForDeploymentPostprocessing = 0;
		};
		520791781C7492B90052584F /* Sources */ = {
			isa = PBXSourcesBuildPhase;
			buildActionMask = 2147483647;
			files = (
				520791811C7492B90052584F /* supercoolTests.swift in Sources */,
			);
			runOnlyForDeploymentPostprocessing = 0;
		};
		520791831C7492B90052584F /* Sources */ = {
			isa = PBXSourcesBuildPhase;
			buildActionMask = 2147483647;
			files = (
				5207918C1C7492B90052584F /* supercoolUITests.swift in Sources */,
			);
			runOnlyForDeploymentPostprocessing = 0;
		};
/* End PBXSourcesBuildPhase section */

/* Begin PBXTargetDependency section */
		5207917E1C7492B90052584F /* PBXTargetDependency */ = {
			isa = PBXTargetDependency;
			target = 520791671C7492B80052584F /* supercool */;
			targetProxy = 5207917D1C7492B90052584F /* PBXContainerItemProxy */;
		};
		520791891C7492B90052584F /* PBXTargetDependency */ = {
			isa = PBXTargetDependency;
			target = 520791671C7492B80052584F /* supercool */;
			targetProxy = 520791881C7492B90052584F /* PBXContainerItemProxy */;
		};
/* End PBXTargetDependency section */

/* Begin PBXVariantGroup section */
		5207916F1C7492B80052584F /* Main.storyboard */ = {
			isa = PBXVariantGroup;
			children = (
				520791701C7492B80052584F /* Base */,
			);
			name = Main.storyboard;
			sourceTree = "<group>";
		};
		520791741C7492B90052584F /* LaunchScreen.storyboard */ = {
			isa = PBXVariantGroup;
			children = (
				520791751C7492B90052584F /* Base */,
			);
			name = LaunchScreen.storyboard;
			sourceTree = "<group>";
		};
/* End PBXVariantGroup section */

/* Begin XCBuildConfiguration section */
		5207918E1C7492B90052584F /* Debug */ = {
			isa = XCBuildConfiguration;
			buildSettings = {
				ALWAYS_SEARCH_USER_PATHS = NO;
				CLANG_CXX_LANGUAGE_STANDARD = "gnu++0x";
				CLANG_CXX_LIBRARY = "libc++";
				CLANG_ENABLE_MODULES = YES;
				CLANG_ENABLE_OBJC_ARC = YES;
				CLANG_WARN_BOOL_CONVERSION = YES;
				CLANG_WARN_CONSTANT_CONVERSION = YES;
				CLANG_WARN_DIRECT_OBJC_ISA_USAGE = YES_ERROR;
				CLANG_WARN_EMPTY_BODY = YES;
				CLANG_WARN_ENUM_CONVERSION = YES;
				CLANG_WARN_INT_CONVERSION = YES;
				CLANG_WARN_OBJC_ROOT_CLASS = YES_ERROR;
				CLANG_WARN_UNREACHABLE_CODE = YES;
				CLANG_WARN__DUPLICATE_METHOD_MATCH = YES;
				"CODE_SIGN_IDENTITY[sdk=iphoneos*]" = "iPhone Developer";
				COPY_PHASE_STRIP = NO;
				DEBUG_INFORMATION_FORMAT = dwarf;
				ENABLE_STRICT_OBJC_MSGSEND = YES;
				ENABLE_TESTABILITY = YES;
				GCC_C_LANGUAGE_STANDARD = gnu99;
				GCC_DYNAMIC_NO_PIC = NO;
				GCC_NO_COMMON_BLOCKS = YES;
				GCC_OPTIMIZATION_LEVEL = 0;
				GCC_PREPROCESSOR_DEFINITIONS = (
					"DEBUG=1",
					"$(inherited)",
				);
				GCC_WARN_64_TO_32_BIT_CONVERSION = YES;
				GCC_WARN_ABOUT_RETURN_TYPE = YES_ERROR;
				GCC_WARN_UNDECLARED_SELECTOR = YES;
				GCC_WARN_UNINITIALIZED_AUTOS = YES_AGGRESSIVE;
				GCC_WARN_UNUSED_FUNCTION = YES;
				GCC_WARN_UNUSED_VARIABLE = YES;
				IPHONEOS_DEPLOYMENT_TARGET = 9.2;
				MTL_ENABLE_DEBUG_INFO = YES;
				ONLY_ACTIVE_ARCH = YES;
				SDKROOT = iphoneos;
				SWIFT_OPTIMIZATION_LEVEL = "-Onone";
			};
			name = Debug;
		};
		5207918F1C7492B90052584F /* Release */ = {
			isa = XCBuildConfiguration;
			buildSettings = {
				ALWAYS_SEARCH_USER_PATHS = NO;
				CLANG_CXX_LANGUAGE_STANDARD = "gnu++0x";
				CLANG_CXX_LIBRARY = "libc++";
				CLANG_ENABLE_MODULES = YES;
				CLANG_ENABLE_OBJC_ARC = YES;
				CLANG_WARN_BOOL_CONVERSION = YES;
				CLANG_WARN_CONSTANT_CONVERSION = YES;
				CLANG_WARN_DIRECT_OBJC_ISA_USAGE = YES_ERROR;
				CLANG_WARN_EMPTY_BODY = YES;
				CLANG_WARN_ENUM_CONVERSION = YES;
				CLANG_WARN_INT_CONVERSION = YES;
				CLANG_WARN_OBJC_ROOT_CLASS = YES_ERROR;
				CLANG_WARN_UNREACHABLE_CODE = YES;
				CLANG_WARN__DUPLICATE_METHOD_MATCH = YES;
				"CODE_SIGN_IDENTITY[sdk=iphoneos*]" = "iPhone Developer";
				COPY_PHASE_STRIP = NO;
				DEBUG_INFORMATION_FORMAT = "dwarf-with-dsym";
				ENABLE_NS_ASSERTIONS = NO;
				ENABLE_STRICT_OBJC_MSGSEND = YES;
				GCC_C_LANGUAGE_STANDARD = gnu99;
				GCC_NO_COMMON_BLOCKS = YES;
				GCC_WARN_64_TO_32_BIT_CONVERSION = YES;
				GCC_WARN_ABOUT_RETURN_TYPE = YES_ERROR;
				GCC_WARN_UNDECLARED_SELECTOR = YES;
				GCC_WARN_UNINITIALIZED_AUTOS = YES_AGGRESSIVE;
				GCC_WARN_UNUSED_FUNCTION = YES;
				GCC_WARN_UNUSED_VARIABLE = YES;
				IPHONEOS_DEPLOYMENT_TARGET = 9.2;
				MTL_ENABLE_DEBUG_INFO = NO;
				SDKROOT = iphoneos;
				VALIDATE_PRODUCT = YES;
			};
			name = Release;
		};
		520791911C7492B90052584F /* Debug */ = {
			isa = XCBuildConfiguration;
			buildSettings = {
				ASSETCATALOG_COMPILER_APPICON_NAME = AppIcon;
				CODE_SIGN_IDENTITY = "iPhone Developer";
				"CODE_SIGN_IDENTITY[sdk=iphoneos*]" = "iPhone Developer";
				INFOPLIST_FILE = supercool/Info.plist;
				LD_RUNPATH_SEARCH_PATHS = "$(inherited) @executable_path/Frameworks";
				PRODUCT_BUNDLE_IDENTIFIER = com.cudez.supercool;
				PRODUCT_NAME = "$(TARGET_NAME)";
				PROVISIONING_PROFILE = "";
			};
			name = Debug;
		};
		520791921C7492B90052584F /* Release */ = {
			isa = XCBuildConfiguration;
			buildSettings = {
				ASSETCATALOG_COMPILER_APPICON_NAME = AppIcon;
				CODE_SIGN_IDENTITY = "iPhone Developer";
				"CODE_SIGN_IDENTITY[sdk=iphoneos*]" = "iPhone Developer";
				INFOPLIST_FILE = supercool/Info.plist;
				LD_RUNPATH_SEARCH_PATHS = "$(inherited) @executable_path/Frameworks";
				PRODUCT_BUNDLE_IDENTIFIER = com.cudez.supercool;
				PRODUCT_NAME = "$(TARGET_NAME)";
				PROVISIONING_PROFILE = "";
			};
			name = Release;
		};
		520791941C7492B90052584F /* Debug */ = {
			isa = XCBuildConfiguration;
			buildSettings = {
				BUNDLE_LOADER = "$(TEST_HOST)";
				INFOPLIST_FILE = supercoolTests/Info.plist;
				LD_RUNPATH_SEARCH_PATHS = "$(inherited) @executable_path/Frameworks @loader_path/Frameworks";
				PRODUCT_BUNDLE_IDENTIFIER = com.cudez.supercoolTests;
				PRODUCT_NAME = "$(TARGET_NAME)";
				TEST_HOST = "$(BUILT_PRODUCTS_DIR)/supercool.app/supercool";
			};
			name = Debug;
		};
		520791951C7492B90052584F /* Release */ = {
			isa = XCBuildConfiguration;
			buildSettings = {
				BUNDLE_LOADER = "$(TEST_HOST)";
				INFOPLIST_FILE = supercoolTests/Info.plist;
				LD_RUNPATH_SEARCH_PATHS = "$(inherited) @executable_path/Frameworks @loader_path/Frameworks";
				PRODUCT_BUNDLE_IDENTIFIER = com.cudez.supercoolTests;
				PRODUCT_NAME = "$(TARGET_NAME)";
				TEST_HOST = "$(BUILT_PRODUCTS_DIR)/supercool.app/supercool";
			};
			name = Release;
		};
		520791971C7492B90052584F /* Debug */ = {
			isa = XCBuildConfiguration;
			buildSettings = {
				INFOPLIST_FILE = supercoolUITests/Info.plist;
				LD_RUNPATH_SEARCH_PATHS = "$(inherited) @executable_path/Frameworks @loader_path/Frameworks";
				PRODUCT_BUNDLE_IDENTIFIER = com.cudez.supercoolUITests;
				PRODUCT_NAME = "$(TARGET_NAME)";
				TEST_TARGET_NAME = supercool;
				USES_XCTRUNNER = YES;
			};
			name = Debug;
		};
		520791981C7492B90052584F /* Release */ = {
			isa = XCBuildConfiguration;
			buildSettings = {
				INFOPLIST_FILE = supercoolUITests/Info.plist;
				LD_RUNPATH_SEARCH_PATHS = "$(inherited) @executable_path/Frameworks @loader_path/Frameworks";
				PRODUCT_BUNDLE_IDENTIFIER = com.cudez.supercoolUITests;
				PRODUCT_NAME = "$(TARGET_NAME)";
				TEST_TARGET_NAME = supercool;
				USES_XCTRUNNER = YES;
			};
			name = Release;
		};
/* End XCBuildConfiguration section */

/* Begin XCConfigurationList section */
		520791631C7492B80052584F /* Build configuration list for PBXProject "supercool" */ = {
			isa = XCConfigurationList;
			buildConfigurations = (
				5207918E1C7492B90052584F /* Debug */,
				5207918F1C7492B90052584F /* Release */,
			);
			defaultConfigurationIsVisible = 0;
			defaultConfigurationName = Release;
		};
		520791901C7492B90052584F /* Build configuration list for PBXNativeTarget "supercool" */ = {
			isa = XCConfigurationList;
			buildConfigurations = (
				520791911C7492B90052584F /* Debug */,
				520791921C7492B90052584F /* Release */,
			);
			defaultConfigurationIsVisible = 0;
		};
		520791931C7492B90052584F /* Build configuration list for PBXNativeTarget "supercoolTests" */ = {
			isa = XCConfigurationList;
			buildConfigurations = (
				520791941C7492B90052584F /* Debug */,
				520791951C7492B90052584F /* Release */,
			);
			defaultConfigurationIsVisible = 0;
		};
		520791961C7492B90052584F /* Build configuration list for PBXNativeTarget "supercoolUITests" */ = {
			isa = XCConfigurationList;
			buildConfigurations = (
				520791971C7492B90052584F /* Debug */,
				520791981C7492B90052584F /* Release */,
			);
			defaultConfigurationIsVisible = 0;
		};
/* End XCConfigurationList section */
	};
	rootObject = 520791601C7492B80052584F /* Project object */;
}
